
Microsoft Visual Studio Solution File, Format Version 12.00
# Visual Studio Version 16
VisualStudioVersion = 16.0.30011.22
MinimumVisualStudioVersion = 10.0.40219.1
Project("{9A19103F-16F7-4668-BE54-9A1E7A4F7556}") = "DataPaging", "DataPaging\DataPaging.csproj", "{8BE93E0B-C11E-4015-A19A-FA5F819BE080}"
EndProject
Project("{FAE04EC0-301F-11D3-BF4B-00C04F79EFBC}") = "DataPaging.Tests", "DataPaging.Tests\DataPaging.Tests.csproj", "{7EC40B20-BC30-46C2-A358-64B7181C862C}"
EndProject
Global
	GlobalSection(SolutionConfigurationPlatforms) = preSolution
		Debug|Any CPU = Debug|Any CPU
		Release|Any CPU = Release|Any CPU
	EndGlobalSection
	GlobalSection(ProjectConfigurationPlatforms) = postSolution
		{8BE93E0B-C11E-4015-A19A-FA5F819BE080}.Debug|Any CPU.ActiveCfg = Debug|Any CPU
		{8BE93E0B-C11E-4015-A19A-FA5F819BE080}.Debug|Any CPU.Build.0 = Debug|Any CPU
		{8BE93E0B-C11E-4015-A19A-FA5F819BE080}.Release|Any CPU.ActiveCfg = Release|Any CPU
		{8BE93E0B-C11E-4015-A19A-FA5F819BE080}.Release|Any CPU.Build.0 = Release|Any CPU
		{7EC40B20-BC30-46C2-A358-64B7181C862C}.Debug|Any CPU.ActiveCfg = Debug|Any CPU
		{7EC40B20-BC30-46C2-A358-64B7181C862C}.Debug|Any CPU.Build.0 = Debug|Any CPU
		{7EC40B20-BC30-46C2-A358-64B7181C862C}.Release|Any CPU.ActiveCfg = Release|Any CPU
		{7EC40B20-BC30-46C2-A358-64B7181C862C}.Release|Any CPU.Build.0 = Release|Any CPU
	EndGlobalSection
	GlobalSection(SolutionProperties) = preSolution
		HideSolutionNode = FALSE
	EndGlobalSection
	GlobalSection(ExtensibilityGlobals) = postSolution
		SolutionGuid = {BC9D5BD3-A58F-45ED-A48F-E5E45212888F}
	EndGlobalSection
EndGlobal
